
Microsoft Visual Studio Solution File, Format Version 12.00
# Visual Studio Version 16
VisualStudioVersion = 16.0.31729.503
MinimumVisualStudioVersion = 10.0.40219.1
Project("{FAE04EC0-301F-11D3-BF4B-00C04F79EFBC}") = "DirectX", "Game\DirectX.csproj", "{83D7A935-17DB-4F2C-AEF3-205ADB0FE655}"
EndProject
Global
	GlobalSection(SolutionConfigurationPlatforms) = preSolution
		Debug|Any CPU = Debug|Any CPU
		Release|Any CPU = Release|Any CPU
	EndGlobalSection
	GlobalSection(ProjectConfigurationPlatforms) = postSolution
		{83D7A935-17DB-4F2C-AEF3-205ADB0FE655}.Debug|Any CPU.ActiveCfg = Debug|Any CPU
		{83D7A935-17DB-4F2C-AEF3-205ADB0FE655}.Debug|Any CPU.Build.0 = Debug|Any CPU
		{83D7A935-17DB-4F2C-AEF3-205ADB0FE655}.Release|Any CPU.ActiveCfg = Release|Any CPU
		{83D7A935-17DB-4F2C-AEF3-205ADB0FE655}.Release|Any CPU.Build.0 = Release|Any CPU
	EndGlobalSection
	GlobalSection(SolutionProperties) = preSolution
		HideSolutionNode = FALSE
	EndGlobalSection
	GlobalSection(ExtensibilityGlobals) = postSolution
		SolutionGuid = {5767A980-51EA-49F3-85D9-614AEFD31536}
	EndGlobalSection
EndGlobal
